
Microsoft Visual Studio Solution File, Format Version 12.00
# Visual Studio Version 17
VisualStudioVersion = 17.11.35208.52
MinimumVisualStudioVersion = 10.0.40219.1
Project("{FAE04EC0-301F-11D3-BF4B-00C04F79EFBC}") = "invAPI", "invAPI\invAPI.csproj", "{54600FB1-77A8-498C-AA3B-BC36ED1499DA}"
EndProject
Global
	GlobalSection(SolutionConfigurationPlatforms) = preSolution
		Debug|Any CPU = Debug|Any CPU
		Release|Any CPU = Release|Any CPU
	EndGlobalSection
	GlobalSection(ProjectConfigurationPlatforms) = postSolution
		{54600FB1-77A8-498C-AA3B-BC36ED1499DA}.Debug|Any CPU.ActiveCfg = Debug|Any CPU
		{54600FB1-77A8-498C-AA3B-BC36ED1499DA}.Debug|Any CPU.Build.0 = Debug|Any CPU
		{54600FB1-77A8-498C-AA3B-BC36ED1499DA}.Release|Any CPU.ActiveCfg = Release|Any CPU
		{54600FB1-77A8-498C-AA3B-BC36ED1499DA}.Release|Any CPU.Build.0 = Release|Any CPU
	EndGlobalSection
	GlobalSection(SolutionProperties) = preSolution
		HideSolutionNode = FALSE
	EndGlobalSection
	GlobalSection(ExtensibilityGlobals) = postSolution
		SolutionGuid = {2655986A-7AF4-46B0-BC88-289B055E6F89}
	EndGlobalSection
EndGlobal
